
Microsoft Visual Studio Solution File, Format Version 12.00
# Visual Studio Version 17
VisualStudioVersion = 17.1.32407.343
MinimumVisualStudioVersion = 10.0.40219.1
Project("{FAE04EC0-301F-11D3-BF4B-00C04F79EFBC}") = "Mars QA2 - Selenium", "Mars QA2 - Selenium.csproj", "{501A11C5-1646-4BE6-8B9F-AA250A7140B5}"
EndProject
Global
	GlobalSection(SolutionConfigurationPlatforms) = preSolution
		Debug|Any CPU = Debug|Any CPU
		Release|Any CPU = Release|Any CPU
	EndGlobalSection
	GlobalSection(ProjectConfigurationPlatforms) = postSolution
		{501A11C5-1646-4BE6-8B9F-AA250A7140B5}.Debug|Any CPU.ActiveCfg = Debug|Any CPU
		{501A11C5-1646-4BE6-8B9F-AA250A7140B5}.Debug|Any CPU.Build.0 = Debug|Any CPU
		{501A11C5-1646-4BE6-8B9F-AA250A7140B5}.Release|Any CPU.ActiveCfg = Release|Any CPU
		{501A11C5-1646-4BE6-8B9F-AA250A7140B5}.Release|Any CPU.Build.0 = Release|Any CPU
	EndGlobalSection
	GlobalSection(SolutionProperties) = preSolution
		HideSolutionNode = FALSE
	EndGlobalSection
	GlobalSection(ExtensibilityGlobals) = postSolution
		SolutionGuid = {AF70551C-8654-4915-A995-FB54FF224A7F}
	EndGlobalSection
EndGlobal
